
Microsoft Visual Studio Solution File, Format Version 12.00
# Visual Studio 15
VisualStudioVersion = 15.0.27428.1
MinimumVisualStudioVersion = 10.0.40219.1
Project("{FAE04EC0-301F-11D3-BF4B-00C04F79EFBC}") = "JewelryRoller", "JewelryRoller\JewelryRoller.csproj", "{10ECD153-813C-4BF7-94FE-F4ED49595E21}"
EndProject
Global
	GlobalSection(SolutionConfigurationPlatforms) = preSolution
		Debug|Any CPU = Debug|Any CPU
		Release|Any CPU = Release|Any CPU
	EndGlobalSection
	GlobalSection(ProjectConfigurationPlatforms) = postSolution
		{10ECD153-813C-4BF7-94FE-F4ED49595E21}.Debug|Any CPU.ActiveCfg = Debug|Any CPU
		{10ECD153-813C-4BF7-94FE-F4ED49595E21}.Debug|Any CPU.Build.0 = Debug|Any CPU
		{10ECD153-813C-4BF7-94FE-F4ED49595E21}.Release|Any CPU.ActiveCfg = Release|Any CPU
		{10ECD153-813C-4BF7-94FE-F4ED49595E21}.Release|Any CPU.Build.0 = Release|Any CPU
	EndGlobalSection
	GlobalSection(SolutionProperties) = preSolution
		HideSolutionNode = FALSE
	EndGlobalSection
	GlobalSection(ExtensibilityGlobals) = postSolution
		SolutionGuid = {5B8A94D5-D180-4173-9B80-ACABDDA0D338}
	EndGlobalSection
EndGlobal
